// !$*UTF8*$!
{
	archiveVersion = 1;
	classes = {
	};
	objectVersion = 48;
	objects = {

/* Begin PBXBuildFile section */
		4ED7038A1FAC11CD00AF4856 /* AppDelegate.m in Sources */ = {isa = PBXBuildFile; fileRef = 4ED703891FAC11CD00AF4856 /* AppDelegate.m */; };
		4ED703921FAC11CD00AF4856 /* Assets.xcassets in Resources */ = {isa = PBXBuildFile; fileRef = 4ED703911FAC11CD00AF4856 /* Assets.xcassets */; };
		4ED703951FAC11CD00AF4856 /* LaunchScreen.storyboard in Resources */ = {isa = PBXBuildFile; fileRef = 4ED703931FAC11CD00AF4856 /* LaunchScreen.storyboard */; };
		4ED703981FAC11CD00AF4856 /* main.m in Sources */ = {isa = PBXBuildFile; fileRef = 4ED703971FAC11CD00AF4856 /* main.m */; };
		4ED703A01FAC120400AF4856 /* DJTableViewController.m in Sources */ = {isa = PBXBuildFile; fileRef = 4ED7039F1FAC120400AF4856 /* DJTableViewController.m */; };
		4ED703A41FAC1A0400AF4856 /* DJTestWithNibCell.m in Sources */ = {isa = PBXBuildFile; fileRef = 4ED703A21FAC1A0400AF4856 /* DJTestWithNibCell.m */; };
		4ED703A51FAC1A0400AF4856 /* DJTestWithNibCell.xib in Resources */ = {isa = PBXBuildFile; fileRef = 4ED703A31FAC1A0400AF4856 /* DJTestWithNibCell.xib */; };
		4ED703A81FAC1B9400AF4856 /* DJTestCell.m in Sources */ = {isa = PBXBuildFile; fileRef = 4ED703A71FAC1B9400AF4856 /* DJTestCell.m */; };
/* End PBXBuildFile section */

/* Begin PBXFileReference section */
		4ED703851FAC11CD00AF4856 /* DJTestTableViewReloadData.app */ = {isa = PBXFileReference; explicitFileType = wrapper.application; includeInIndex = 0; path = DJTestTableViewReloadData.app; sourceTree = BUILT_PRODUCTS_DIR; };
		4ED703881FAC11CD00AF4856 /* AppDelegate.h */ = {isa = PBXFileReference; lastKnownFileType = sourcecode.c.h; path = AppDelegate.h; sourceTree = "<group>"; };
		4ED703891FAC11CD00AF4856 /* AppDelegate.m */ = {isa = PBXFileReference; lastKnownFileType = sourcecode.c.objc; path = AppDelegate.m; sourceTree = "<group>"; };
		4ED703911FAC11CD00AF4856 /* Assets.xcassets */ = {isa = PBXFileReference; lastKnownFileType = folder.assetcatalog; path = Assets.xcassets; sourceTree = "<group>"; };
		4ED703941FAC11CD00AF4856 /* Base */ = {isa = PBXFileReference; lastKnownFileType = file.storyboard; name = Base; path = Base.lproj/LaunchScreen.storyboard; sourceTree = "<group>"; };
		4ED703961FAC11CD00AF4856 /* Info.plist */ = {isa = PBXFileReference; lastKnownFileType = text.plist.xml; path = Info.plist; sourceTree = "<group>"; };
		4ED703971FAC11CD00AF4856 /* main.m */ = {isa = PBXFileReference; lastKnownFileType = sourcecode.c.objc; path = main.m; sourceTree = "<group>"; };
		4ED7039E1FAC120400AF4856 /* DJTableViewController.h */ = {isa = PBXFileReference; fileEncoding = 4; lastKnownFileType = sourcecode.c.h; path = DJTableViewController.h; sourceTree = "<group>"; };
		4ED7039F1FAC120400AF4856 /* DJTableViewController.m */ = {isa = PBXFileReference; fileEncoding = 4; lastKnownFileType = sourcecode.c.objc; path = DJTableViewController.m; sourceTree = "<group>"; };
		4ED703A11FAC1A0400AF4856 /* DJTestWithNibCell.h */ = {isa = PBXFileReference; lastKnownFileType = sourcecode.c.h; path = DJTestWithNibCell.h; sourceTree = "<group>"; };
		4ED703A21FAC1A0400AF4856 /* DJTestWithNibCell.m */ = {isa = PBXFileReference; lastKnownFileType = sourcecode.c.objc; path = DJTestWithNibCell.m; sourceTree = "<group>"; };
		4ED703A31FAC1A0400AF4856 /* DJTestWithNibCell.xib */ = {isa = PBXFileReference; lastKnownFileType = file.xib; path = DJTestWithNibCell.xib; sourceTree = "<group>"; };
		4ED703A61FAC1B9400AF4856 /* DJTestCell.h */ = {isa = PBXFileReference; lastKnownFileType = sourcecode.c.h; path = DJTestCell.h; sourceTree = "<group>"; };
		4ED703A71FAC1B9400AF4856 /* DJTestCell.m */ = {isa = PBXFileReference; lastKnownFileType = sourcecode.c.objc; path = DJTestCell.m; sourceTree = "<group>"; };
/* End PBXFileReference section */

/* Begin PBXFrameworksBuildPhase section */
		4ED703821FAC11CD00AF4856 /* Frameworks */ = {
			isa = PBXFrameworksBuildPhase;
			buildActionMask = 2147483647;
			files = (
			);
			runOnlyForDeploymentPostprocessing = 0;
		};
/* End PBXFrameworksBuildPhase section */

/* Begin PBXGroup section */
		4ED7037C1FAC11CD00AF4856 = {
			isa = PBXGroup;
			children = (
				4ED703871FAC11CD00AF4856 /* DJTestTableViewReloadData */,
				4ED703861FAC11CD00AF4856 /* Products */,
			);
			sourceTree = "<group>";
		};
		4ED703861FAC11CD00AF4856 /* Products */ = {
			isa = PBXGroup;
			children = (
				4ED703851FAC11CD00AF4856 /* DJTestTableViewReloadData.app */,
			);
			name = Products;
			sourceTree = "<group>";
		};
		4ED703871FAC11CD00AF4856 /* DJTestTableViewReloadData */ = {
			isa = PBXGroup;
			children = (
				4ED703881FAC11CD00AF4856 /* AppDelegate.h */,
				4ED703891FAC11CD00AF4856 /* AppDelegate.m */,
				4ED703A61FAC1B9400AF4856 /* DJTestCell.h */,
				4ED703A71FAC1B9400AF4856 /* DJTestCell.m */,
				4ED703A11FAC1A0400AF4856 /* DJTestWithNibCell.h */,
				4ED703A21FAC1A0400AF4856 /* DJTestWithNibCell.m */,
				4ED703A31FAC1A0400AF4856 /* DJTestWithNibCell.xib */,
				4ED7039E1FAC120400AF4856 /* DJTableViewController.h */,
				4ED7039F1FAC120400AF4856 /* DJTableViewController.m */,
				4ED703911FAC11CD00AF4856 /* Assets.xcassets */,
				4ED703931FAC11CD00AF4856 /* LaunchScreen.storyboard */,
				4ED703961FAC11CD00AF4856 /* Info.plist */,
				4ED703971FAC11CD00AF4856 /* main.m */,
			);
			path = DJTestTableViewReloadData;
			sourceTree = "<group>";
		};
/* End PBXGroup section */

/* Begin PBXNativeTarget section */
		4ED703841FAC11CD00AF4856 /* DJTestTableViewReloadData */ = {
			isa = PBXNativeTarget;
			buildConfigurationList = 4ED7039B1FAC11CD00AF4856 /* Build configuration list for PBXNativeTarget "DJTestTableViewReloadData" */;
			buildPhases = (
				4ED703811FAC11CD00AF4856 /* Sources */,
				4ED703821FAC11CD00AF4856 /* Frameworks */,
				4ED703831FAC11CD00AF4856 /* Resources */,
			);
			buildRules = (
			);
			dependencies = (
			);
			name = DJTestTableViewReloadData;
			productName = DJTestTableViewReloadData;
			productReference = 4ED703851FAC11CD00AF4856 /* DJTestTableViewReloadData.app */;
			productType = "com.apple.product-type.application";
		};
/* End PBXNativeTarget section */

/* Begin PBXProject section */
		4ED7037D1FAC11CD00AF4856 /* Project object */ = {
			isa = PBXProject;
			attributes = {
				LastUpgradeCheck = 0910;
				ORGANIZATIONNAME = dj226;
				TargetAttributes = {
					4ED703841FAC11CD00AF4856 = {
						CreatedOnToolsVersion = 9.1;
						ProvisioningStyle = Automatic;
					};
				};
			};
			buildConfigurationList = 4ED703801FAC11CD00AF4856 /* Build configuration list for PBXProject "DJTestTableViewReloadData" */;
			compatibilityVersion = "Xcode 8.0";
			developmentRegion = en;
			hasScannedForEncodings = 0;
			knownRegions = (
				en,
				Base,
			);
			mainGroup = 4ED7037C1FAC11CD00AF4856;
			productRefGroup = 4ED703861FAC11CD00AF4856 /* Products */;
			projectDirPath = "";
			projectRoot = "";
			targets = (
				4ED703841FAC11CD00AF4856 /* DJTestTableViewReloadData */,
			);
		};
/* End PBXProject section */

/* Begin PBXResourcesBuildPhase section */
		4ED703831FAC11CD00AF4856 /* Resources */ = {
			isa = PBXResourcesBuildPhase;
			buildActionMask = 2147483647;
			files = (
				4ED703951FAC11CD00AF4856 /* LaunchScreen.storyboard in Resources */,
				4ED703A51FAC1A0400AF4856 /* DJTestWithNibCell.xib in Resources */,
				4ED703921FAC11CD00AF4856 /* Assets.xcassets in Resources */,
			);
			runOnlyForDeploymentPostprocessing = 0;
		};
/* End PBXResourcesBuildPhase section */

/* Begin PBXSourcesBuildPhase section */
		4ED703811FAC11CD00AF4856 /* Sources */ = {
			isa = PBXSourcesBuildPhase;
			buildActionMask = 2147483647;
			files = (
				4ED703A81FAC1B9400AF4856 /* DJTestCell.m in Sources */,
				4ED703981FAC11CD00AF4856 /* main.m in Sources */,
				4ED703A41FAC1A0400AF4856 /* DJTestWithNibCell.m in Sources */,
				4ED7038A1FAC11CD00AF4856 /* AppDelegate.m in Sources */,
				4ED703A01FAC120400AF4856 /* DJTableViewController.m in Sources */,
			);
			runOnlyForDeploymentPostprocessing = 0;
		};
/* End PBXSourcesBuildPhase section */

/* Begin PBXVariantGroup section */
		4ED703931FAC11CD00AF4856 /* LaunchScreen.storyboard */ = {
			isa = PBXVariantGroup;
			children = (
				4ED703941FAC11CD00AF4856 /* Base */,
			);
			name = LaunchScreen.storyboard;
			sourceTree = "<group>";
		};
/* End PBXVariantGroup section */

/* Begin XCBuildConfiguration section */
		4ED703991FAC11CD00AF4856 /* Debug */ = {
			isa = XCBuildConfiguration;
			buildSettings = {
				ALWAYS_SEARCH_USER_PATHS = NO;
				CLANG_ANALYZER_NONNULL = YES;
				CLANG_ANALYZER_NUMBER_OBJECT_CONVERSION = YES_AGGRESSIVE;
				CLANG_CXX_LANGUAGE_STANDARD = "gnu++14";
				CLANG_CXX_LIBRARY = "libc++";
				CLANG_ENABLE_MODULES = YES;
				CLANG_ENABLE_OBJC_ARC = YES;
				CLANG_WARN_BLOCK_CAPTURE_AUTORELEASING = YES;
				CLANG_WARN_BOOL_CONVERSION = YES;
				CLANG_WARN_COMMA = YES;
				CLANG_WARN_CONSTANT_CONVERSION = YES;
				CLANG_WARN_DIRECT_OBJC_ISA_USAGE = YES_ERROR;
				CLANG_WARN_DOCUMENTATION_COMMENTS = YES;
				CLANG_WARN_EMPTY_BODY = YES;
				CLANG_WARN_ENUM_CONVERSION = YES;
				CLANG_WARN_INFINITE_RECURSION = YES;
				CLANG_WARN_INT_CONVERSION = YES;
				CLANG_WARN_NON_LITERAL_NULL_CONVERSION = YES;
				CLANG_WARN_OBJC_LITERAL_CONVERSION = YES;
				CLANG_WARN_OBJC_ROOT_CLASS = YES_ERROR;
				CLANG_WARN_RANGE_LOOP_ANALYSIS = YES;
				CLANG_WARN_STRICT_PROTOTYPES = YES;
				CLANG_WARN_SUSPICIOUS_MOVE = YES;
				CLANG_WARN_UNGUARDED_AVAILABILITY = YES_AGGRESSIVE;
				CLANG_WARN_UNREACHABLE_CODE = YES;
				CLANG_WARN__DUPLICATE_METHOD_MATCH = YES;
				CODE_SIGN_IDENTITY = "iPhone Developer";
				COPY_PHASE_STRIP = NO;
				DEBUG_INFORMATION_FORMAT = dwarf;
				ENABLE_STRICT_OBJC_MSGSEND = YES;
				ENABLE_TESTABILITY = YES;
				GCC_C_LANGUAGE_STANDARD = gnu11;
				GCC_DYNAMIC_NO_PIC = NO;
				GCC_NO_COMMON_BLOCKS = YES;
				GCC_OPTIMIZATION_LEVEL = 0;
				GCC_PREPROCESSOR_DEFINITIONS = (
					"DEBUG=1",
					"$(inherited)",
				);
				GCC_WARN_64_TO_32_BIT_CONVERSION = YES;
				GCC_WARN_ABOUT_RETURN_TYPE = YES_ERROR;
				GCC_WARN_UNDECLARED_SELECTOR = YES;
				GCC_WARN_UNINITIALIZED_AUTOS = YES_AGGRESSIVE;
				GCC_WARN_UNUSED_FUNCTION = YES;
				GCC_WARN_UNUSED_VARIABLE = YES;
				IPHONEOS_DEPLOYMENT_TARGET = 11.1;
				MTL_ENABLE_DEBUG_INFO = YES;
				ONLY_ACTIVE_ARCH = YES;
				SDKROOT = iphoneos;
			};
			name = Debug;
		};
		4ED7039A1FAC11CD00AF4856 /* Release */ = {
			isa = XCBuildConfiguration;
			buildSettings = {
				ALWAYS_SEARCH_USER_PATHS = NO;
				CLANG_ANALYZER_NONNULL = YES;
				CLANG_ANALYZER_NUMBER_OBJECT_CONVERSION = YES_AGGRESSIVE;
				CLANG_CXX_LANGUAGE_STANDARD = "gnu++14";
				CLANG_CXX_LIBRARY = "libc++";
				CLANG_ENABLE_MODULES = YES;
				CLANG_ENABLE_OBJC_ARC = YES;
				CLANG_WARN_BLOCK_CAPTURE_AUTORELEASING = YES;
				CLANG_WARN_BOOL_CONVERSION = YES;
				CLANG_WARN_COMMA = YES;
				CLANG_WARN_CONSTANT_CONVERSION = YES;
				CLANG_WARN_DIRECT_OBJC_ISA_USAGE = YES_ERROR;
				CLANG_WARN_DOCUMENTATION_COMMENTS = YES;
				CLANG_WARN_EMPTY_BODY = YES;
				CLANG_WARN_ENUM_CONVERSION = YES;
				CLANG_WARN_INFINITE_RECURSION = YES;
				CLANG_WARN_INT_CONVERSION = YES;
				CLANG_WARN_NON_LITERAL_NULL_CONVERSION = YES;
				CLANG_WARN_OBJC_LITERAL_CONVERSION = YES;
				CLANG_WARN_OBJC_ROOT_CLASS = YES_ERROR;
				CLANG_WARN_RANGE_LOOP_ANALYSIS = YES;
				CLANG_WARN_STRICT_PROTOTYPES = YES;
				CLANG_WARN_SUSPICIOUS_MOVE = YES;
				CLANG_WARN_UNGUARDED_AVAILABILITY = YES_AGGRESSIVE;
				CLANG_WARN_UNREACHABLE_CODE = YES;
				CLANG_WARN__DUPLICATE_METHOD_MATCH = YES;
				CODE_SIGN_IDENTITY = "iPhone Developer";
				COPY_PHASE_STRIP = NO;
				DEBUG_INFORMATION_FORMAT = "dwarf-with-dsym";
				ENABLE_NS_ASSERTIONS = NO;
				ENABLE_STRICT_OBJC_MSGSEND = YES;
				GCC_C_LANGUAGE_STANDARD = gnu11;
				GCC_NO_COMMON_BLOCKS = YES;
				GCC_WARN_64_TO_32_BIT_CONVERSION = YES;
				GCC_WARN_ABOUT_RETURN_TYPE = YES_ERROR;
				GCC_WARN_UNDECLARED_SELECTOR = YES;
				GCC_WARN_UNINITIALIZED_AUTOS = YES_AGGRESSIVE;
				GCC_WARN_UNUSED_FUNCTION = YES;
				GCC_WARN_UNUSED_VARIABLE = YES;
				IPHONEOS_DEPLOYMENT_TARGET = 11.1;
				MTL_ENABLE_DEBUG_INFO = NO;
				SDKROOT = iphoneos;
				VALIDATE_PRODUCT = YES;
			};
			name = Release;
		};
		4ED7039C1FAC11CD00AF4856 /* Debug */ = {
			isa = XCBuildConfiguration;
			buildSettings = {
				ASSETCATALOG_COMPILER_APPICON_NAME = AppIcon;
				CODE_SIGN_STYLE = Automatic;
				DEVELOPMENT_TEAM = XVEP6G79H7;
				INFOPLIST_FILE = DJTestTableViewReloadData/Info.plist;
				IPHONEOS_DEPLOYMENT_TARGET = 8.0;
				LD_RUNPATH_SEARCH_PATHS = "$(inherited) @executable_path/Frameworks";
				PRODUCT_BUNDLE_IDENTIFIER = com.dj226.DJTestTableViewReloadData;
				PRODUCT_NAME = "$(TARGET_NAME)";
				TARGETED_DEVICE_FAMILY = "1,2";
			};
			name = Debug;
		};
		4ED7039D1FAC11CD00AF4856 /* Release */ = {
			isa = XCBuildConfiguration;
			buildSettings = {
				ASSETCATALOG_COMPILER_APPICON_NAME = AppIcon;
				CODE_SIGN_STYLE = Automatic;
				DEVELOPMENT_TEAM = XVEP6G79H7;
				INFOPLIST_FILE = DJTestTableViewReloadData/Info.plist;
				IPHONEOS_DEPLOYMENT_TARGET = 8.0;
				LD_RUNPATH_SEARCH_PATHS = "$(inherited) @executable_path/Frameworks";
				PRODUCT_BUNDLE_IDENTIFIER = com.dj226.DJTestTableViewReloadData;
				PRODUCT_NAME = "$(TARGET_NAME)";
				TARGETED_DEVICE_FAMILY = "1,2";
			};
			name = Release;
		};
/* End XCBuildConfiguration section */

/* Begin XCConfigurationList section */
		4ED703801FAC11CD00AF4856 /* Build configuration list for PBXProject "DJTestTableViewReloadData" */ = {
			isa = XCConfigurationList;
			buildConfigurations = (
				4ED703991FAC11CD00AF4856 /* Debug */,
				4ED7039A1FAC11CD00AF4856 /* Release */,
			);
			defaultConfigurationIsVisible = 0;
			defaultConfigurationName = Release;
		};
		4ED7039B1FAC11CD00AF4856 /* Build configuration list for PBXNativeTarget "DJTestTableViewReloadData" */ = {
			isa = XCConfigurationList;
			buildConfigurations = (
				4ED7039C1FAC11CD00AF4856 /* Debug */,
				4ED7039D1FAC11CD00AF4856 /* Release */,
			);
			defaultConfigurationIsVisible = 0;
			defaultConfigurationName = Release;
		};
/* End XCConfigurationList section */
	};
	rootObject = 4ED7037D1FAC11CD00AF4856 /* Project object */;
}
